<?xml version="1.0" encoding="UTF-8" standalone="yes" ?>
<CodeBlocks_project_file>
	<FileVersion major="1" minor="6" />
	<Project>
		<Option title="QXLDump" />
		<Option pch_mode="2" />
		<Option compiler="bcc" />
		<Build>
			<Target title="Release">
				<Option output="bin/Release/QXLDump" prefix_auto="1" extension_auto="1" />
				<Option object_output="obj/Release/" />
				<Option type="1" />
				<Option compiler="bcc" />
				<Option parameters="c:\sourcecode\qxldump\testFiles\qxl.win" />
				<Compiler>
					<Add option="-O2" />
					<Add directory="include" />
				</Compiler>
			</Target>
		</Build>
		<Compiler>
			<Add option="-w" />
			<Add option="-x" />
		</Compiler>
		<Linker>
			<Add library="cw32mt.lib" />
			<Add library="import32.lib" />
		</Linker>
		<Unit filename="include/QXDOptions.h" />
		<Unit filename="include/QXDQxlWin.h" />
		<Unit filename="include/QXLDump.h" />
		<Unit filename="include/QXLHeader.h" />
		<Unit filename="include/Thousands.h" />
		<Unit filename="include/css.h" />
		<Unit filename="include/rootDir.h" />
		<Unit filename="src/QXDOptions.cpp" />
		<Unit filename="src/QXDQxlWin.cpp" />
		<Unit filename="src/QXLDump.cpp" />
		<Extensions>
			<code_completion />
			<envvars />
			<debugger />
			<lib_finder disable_auto="1" />
		</Extensions>
	</Project>
</CodeBlocks_project_file>
